// !$*UTF8*$!
{
	archiveVersion = 1;
	classes = {
	};
	objectVersion = 48;
	objects = {

/* Begin PBXBuildFile section */
		D72C1C7D2053996900CDDD8E /* Meal.swift in Sources */ = {isa = PBXBuildFile; fileRef = D72C1C7C2053996900CDDD8E /* Meal.swift */; };
		D76F889920536AE300B996F4 /* RatingControl.swift in Sources */ = {isa = PBXBuildFile; fileRef = D76F889820536AE300B996F4 /* RatingControl.swift */; };
		D78A10442053C8CF0033A437 /* MealTableViewController.swift in Sources */ = {isa = PBXBuildFile; fileRef = D78A10432053C8CF0033A437 /* MealTableViewController.swift */; };
		D78A10462053C9DD0033A437 /* MealTableViewCell.swift in Sources */ = {isa = PBXBuildFile; fileRef = D78A10452053C9DD0033A437 /* MealTableViewCell.swift */; };
		D7F1E8B920525BC200F8EE4C /* AppDelegate.swift in Sources */ = {isa = PBXBuildFile; fileRef = D7F1E8B820525BC200F8EE4C /* AppDelegate.swift */; };
		D7F1E8BB20525BC200F8EE4C /* MealViewController.swift in Sources */ = {isa = PBXBuildFile; fileRef = D7F1E8BA20525BC200F8EE4C /* MealViewController.swift */; };
		D7F1E8BE20525BC200F8EE4C /* Main.storyboard in Resources */ = {isa = PBXBuildFile; fileRef = D7F1E8BC20525BC200F8EE4C /* Main.storyboard */; };
		D7F1E8C020525BC200F8EE4C /* Assets.xcassets in Resources */ = {isa = PBXBuildFile; fileRef = D7F1E8BF20525BC200F8EE4C /* Assets.xcassets */; };
		D7F1E8C320525BC200F8EE4C /* LaunchScreen.storyboard in Resources */ = {isa = PBXBuildFile; fileRef = D7F1E8C120525BC200F8EE4C /* LaunchScreen.storyboard */; };
/* End PBXBuildFile section */

/* Begin PBXFileReference section */
		D72C1C7C2053996900CDDD8E /* Meal.swift */ = {isa = PBXFileReference; lastKnownFileType = sourcecode.swift; path = Meal.swift; sourceTree = "<group>"; };
		D76F889820536AE300B996F4 /* RatingControl.swift */ = {isa = PBXFileReference; lastKnownFileType = sourcecode.swift; path = RatingControl.swift; sourceTree = "<group>"; };
		D78A10432053C8CF0033A437 /* MealTableViewController.swift */ = {isa = PBXFileReference; lastKnownFileType = sourcecode.swift; path = MealTableViewController.swift; sourceTree = "<group>"; };
		D78A10452053C9DD0033A437 /* MealTableViewCell.swift */ = {isa = PBXFileReference; lastKnownFileType = sourcecode.swift; path = MealTableViewCell.swift; sourceTree = "<group>"; };
		D7F1E8B520525BC200F8EE4C /* LIstFood.app */ = {isa = PBXFileReference; explicitFileType = wrapper.application; includeInIndex = 0; path = LIstFood.app; sourceTree = BUILT_PRODUCTS_DIR; };
		D7F1E8B820525BC200F8EE4C /* AppDelegate.swift */ = {isa = PBXFileReference; lastKnownFileType = sourcecode.swift; path = AppDelegate.swift; sourceTree = "<group>"; };
		D7F1E8BA20525BC200F8EE4C /* MealViewController.swift */ = {isa = PBXFileReference; lastKnownFileType = sourcecode.swift; path = MealViewController.swift; sourceTree = "<group>"; };
		D7F1E8BD20525BC200F8EE4C /* Base */ = {isa = PBXFileReference; lastKnownFileType = file.storyboard; name = Base; path = Base.lproj/Main.storyboard; sourceTree = "<group>"; };
		D7F1E8BF20525BC200F8EE4C /* Assets.xcassets */ = {isa = PBXFileReference; lastKnownFileType = folder.assetcatalog; path = Assets.xcassets; sourceTree = "<group>"; };
		D7F1E8C220525BC200F8EE4C /* Base */ = {isa = PBXFileReference; lastKnownFileType = file.storyboard; name = Base; path = Base.lproj/LaunchScreen.storyboard; sourceTree = "<group>"; };
		D7F1E8C420525BC200F8EE4C /* Info.plist */ = {isa = PBXFileReference; lastKnownFileType = text.plist.xml; path = Info.plist; sourceTree = "<group>"; };
/* End PBXFileReference section */

/* Begin PBXFrameworksBuildPhase section */
		D7F1E8B220525BC200F8EE4C /* Frameworks */ = {
			isa = PBXFrameworksBuildPhase;
			buildActionMask = 2147483647;
			files = (
			);
			runOnlyForDeploymentPostprocessing = 0;
		};
/* End PBXFrameworksBuildPhase section */

/* Begin PBXGroup section */
		D7F1E8AC20525BC200F8EE4C = {
			isa = PBXGroup;
			children = (
				D7F1E8B720525BC200F8EE4C /* LIstFood */,
				D7F1E8B620525BC200F8EE4C /* Products */,
			);
			sourceTree = "<group>";
		};
		D7F1E8B620525BC200F8EE4C /* Products */ = {
			isa = PBXGroup;
			children = (
				D7F1E8B520525BC200F8EE4C /* LIstFood.app */,
			);
			name = Products;
			sourceTree = "<group>";
		};
		D7F1E8B720525BC200F8EE4C /* LIstFood */ = {
			isa = PBXGroup;
			children = (
				D7F1E8B820525BC200F8EE4C /* AppDelegate.swift */,
				D7F1E8BA20525BC200F8EE4C /* MealViewController.swift */,
				D72C1C7C2053996900CDDD8E /* Meal.swift */,
				D7F1E8BC20525BC200F8EE4C /* Main.storyboard */,
				D78A10432053C8CF0033A437 /* MealTableViewController.swift */,
				D76F889820536AE300B996F4 /* RatingControl.swift */,
				D7F1E8BF20525BC200F8EE4C /* Assets.xcassets */,
				D7F1E8C120525BC200F8EE4C /* LaunchScreen.storyboard */,
				D7F1E8C420525BC200F8EE4C /* Info.plist */,
				D78A10452053C9DD0033A437 /* MealTableViewCell.swift */,
			);
			path = LIstFood;
			sourceTree = "<group>";
		};
/* End PBXGroup section */

/* Begin PBXNativeTarget section */
		D7F1E8B420525BC200F8EE4C /* LIstFood */ = {
			isa = PBXNativeTarget;
			buildConfigurationList = D7F1E8C720525BC300F8EE4C /* Build configuration list for PBXNativeTarget "LIstFood" */;
			buildPhases = (
				D7F1E8B120525BC200F8EE4C /* Sources */,
				D7F1E8B220525BC200F8EE4C /* Frameworks */,
				D7F1E8B320525BC200F8EE4C /* Resources */,
			);
			buildRules = (
			);
			dependencies = (
			);
			name = LIstFood;
			productName = LIstFood;
			productReference = D7F1E8B520525BC200F8EE4C /* LIstFood.app */;
			productType = "com.apple.product-type.application";
		};
/* End PBXNativeTarget section */

/* Begin PBXProject section */
		D7F1E8AD20525BC200F8EE4C /* Project object */ = {
			isa = PBXProject;
			attributes = {
				LastSwiftUpdateCheck = 0920;
				LastUpgradeCheck = 0920;
				ORGANIZATIONNAME = "Dũng Võ";
				TargetAttributes = {
					D7F1E8B420525BC200F8EE4C = {
						CreatedOnToolsVersion = 9.2;
						ProvisioningStyle = Automatic;
					};
				};
			};
			buildConfigurationList = D7F1E8B020525BC200F8EE4C /* Build configuration list for PBXProject "LIstFood" */;
			compatibilityVersion = "Xcode 8.0";
			developmentRegion = en;
			hasScannedForEncodings = 0;
			knownRegions = (
				en,
				Base,
			);
			mainGroup = D7F1E8AC20525BC200F8EE4C;
			productRefGroup = D7F1E8B620525BC200F8EE4C /* Products */;
			projectDirPath = "";
			projectRoot = "";
			targets = (
				D7F1E8B420525BC200F8EE4C /* LIstFood */,
			);
		};
/* End PBXProject section */

/* Begin PBXResourcesBuildPhase section */
		D7F1E8B320525BC200F8EE4C /* Resources */ = {
			isa = PBXResourcesBuildPhase;
			buildActionMask = 2147483647;
			files = (
				D7F1E8C320525BC200F8EE4C /* LaunchScreen.storyboard in Resources */,
				D7F1E8C020525BC200F8EE4C /* Assets.xcassets in Resources */,
				D7F1E8BE20525BC200F8EE4C /* Main.storyboard in Resources */,
			);
			runOnlyForDeploymentPostprocessing = 0;
		};
/* End PBXResourcesBuildPhase section */

/* Begin PBXSourcesBuildPhase section */
		D7F1E8B120525BC200F8EE4C /* Sources */ = {
			isa = PBXSourcesBuildPhase;
			buildActionMask = 2147483647;
			files = (
				D78A10442053C8CF0033A437 /* MealTableViewController.swift in Sources */,
				D72C1C7D2053996900CDDD8E /* Meal.swift in Sources */,
				D78A10462053C9DD0033A437 /* MealTableViewCell.swift in Sources */,
				D7F1E8BB20525BC200F8EE4C /* MealViewController.swift in Sources */,
				D76F889920536AE300B996F4 /* RatingControl.swift in Sources */,
				D7F1E8B920525BC200F8EE4C /* AppDelegate.swift in Sources */,
			);
			runOnlyForDeploymentPostprocessing = 0;
		};
/* End PBXSourcesBuildPhase section */

/* Begin PBXVariantGroup section */
		D7F1E8BC20525BC200F8EE4C /* Main.storyboard */ = {
			isa = PBXVariantGroup;
			children = (
				D7F1E8BD20525BC200F8EE4C /* Base */,
			);
			name = Main.storyboard;
			sourceTree = "<group>";
		};
		D7F1E8C120525BC200F8EE4C /* LaunchScreen.storyboard */ = {
			isa = PBXVariantGroup;
			children = (
				D7F1E8C220525BC200F8EE4C /* Base */,
			);
			name = LaunchScreen.storyboard;
			sourceTree = "<group>";
		};
/* End PBXVariantGroup section */

/* Begin XCBuildConfiguration section */
		D7F1E8C520525BC200F8EE4C /* Debug */ = {
			isa = XCBuildConfiguration;
			buildSettings = {
				ALWAYS_SEARCH_USER_PATHS = NO;
				CLANG_ANALYZER_NONNULL = YES;
				CLANG_ANALYZER_NUMBER_OBJECT_CONVERSION = YES_AGGRESSIVE;
				CLANG_CXX_LANGUAGE_STANDARD = "gnu++14";
				CLANG_CXX_LIBRARY = "libc++";
				CLANG_ENABLE_MODULES = YES;
				CLANG_ENABLE_OBJC_ARC = YES;
				CLANG_WARN_BLOCK_CAPTURE_AUTORELEASING = YES;
				CLANG_WARN_BOOL_CONVERSION = YES;
				CLANG_WARN_COMMA = YES;
				CLANG_WARN_CONSTANT_CONVERSION = YES;
				CLANG_WARN_DIRECT_OBJC_ISA_USAGE = YES_ERROR;
				CLANG_WARN_DOCUMENTATION_COMMENTS = YES;
				CLANG_WARN_EMPTY_BODY = YES;
				CLANG_WARN_ENUM_CONVERSION = YES;
				CLANG_WARN_INFINITE_RECURSION = YES;
				CLANG_WARN_INT_CONVERSION = YES;
				CLANG_WARN_NON_LITERAL_NULL_CONVERSION = YES;
				CLANG_WARN_OBJC_LITERAL_CONVERSION = YES;
				CLANG_WARN_OBJC_ROOT_CLASS = YES_ERROR;
				CLANG_WARN_RANGE_LOOP_ANALYSIS = YES;
				CLANG_WARN_STRICT_PROTOTYPES = YES;
				CLANG_WARN_SUSPICIOUS_MOVE = YES;
				CLANG_WARN_UNGUARDED_AVAILABILITY = YES_AGGRESSIVE;
				CLANG_WARN_UNREACHABLE_CODE = YES;
				CLANG_WARN__DUPLICATE_METHOD_MATCH = YES;
				CODE_SIGN_IDENTITY = "iPhone Developer";
				COPY_PHASE_STRIP = NO;
				DEBUG_INFORMATION_FORMAT = dwarf;
				ENABLE_STRICT_OBJC_MSGSEND = YES;
				ENABLE_TESTABILITY = YES;
				GCC_C_LANGUAGE_STANDARD = gnu11;
				GCC_DYNAMIC_NO_PIC = NO;
				GCC_NO_COMMON_BLOCKS = YES;
				GCC_OPTIMIZATION_LEVEL = 0;
				GCC_PREPROCESSOR_DEFINITIONS = (
					"DEBUG=1",
					"$(inherited)",
				);
				GCC_WARN_64_TO_32_BIT_CONVERSION = YES;
				GCC_WARN_ABOUT_RETURN_TYPE = YES_ERROR;
				GCC_WARN_UNDECLARED_SELECTOR = YES;
				GCC_WARN_UNINITIALIZED_AUTOS = YES_AGGRESSIVE;
				GCC_WARN_UNUSED_FUNCTION = YES;
				GCC_WARN_UNUSED_VARIABLE = YES;
				IPHONEOS_DEPLOYMENT_TARGET = 11.2;
				MTL_ENABLE_DEBUG_INFO = YES;
				ONLY_ACTIVE_ARCH = YES;
				SDKROOT = iphoneos;
				SWIFT_ACTIVE_COMPILATION_CONDITIONS = DEBUG;
				SWIFT_OPTIMIZATION_LEVEL = "-Onone";
			};
			name = Debug;
		};
		D7F1E8C620525BC200F8EE4C /* Release */ = {
			isa = XCBuildConfiguration;
			buildSettings = {
				ALWAYS_SEARCH_USER_PATHS = NO;
				CLANG_ANALYZER_NONNULL = YES;
				CLANG_ANALYZER_NUMBER_OBJECT_CONVERSION = YES_AGGRESSIVE;
				CLANG_CXX_LANGUAGE_STANDARD = "gnu++14";
				CLANG_CXX_LIBRARY = "libc++";
				CLANG_ENABLE_MODULES = YES;
				CLANG_ENABLE_OBJC_ARC = YES;
				CLANG_WARN_BLOCK_CAPTURE_AUTORELEASING = YES;
				CLANG_WARN_BOOL_CONVERSION = YES;
				CLANG_WARN_COMMA = YES;
				CLANG_WARN_CONSTANT_CONVERSION = YES;
				CLANG_WARN_DIRECT_OBJC_ISA_USAGE = YES_ERROR;
				CLANG_WARN_DOCUMENTATION_COMMENTS = YES;
				CLANG_WARN_EMPTY_BODY = YES;
				CLANG_WARN_ENUM_CONVERSION = YES;
				CLANG_WARN_INFINITE_RECURSION = YES;
				CLANG_WARN_INT_CONVERSION = YES;
				CLANG_WARN_NON_LITERAL_NULL_CONVERSION = YES;
				CLANG_WARN_OBJC_LITERAL_CONVERSION = YES;
				CLANG_WARN_OBJC_ROOT_CLASS = YES_ERROR;
				CLANG_WARN_RANGE_LOOP_ANALYSIS = YES;
				CLANG_WARN_STRICT_PROTOTYPES = YES;
				CLANG_WARN_SUSPICIOUS_MOVE = YES;
				CLANG_WARN_UNGUARDED_AVAILABILITY = YES_AGGRESSIVE;
				CLANG_WARN_UNREACHABLE_CODE = YES;
				CLANG_WARN__DUPLICATE_METHOD_MATCH = YES;
				CODE_SIGN_IDENTITY = "iPhone Developer";
				COPY_PHASE_STRIP = NO;
				DEBUG_INFORMATION_FORMAT = "dwarf-with-dsym";
				ENABLE_NS_ASSERTIONS = NO;
				ENABLE_STRICT_OBJC_MSGSEND = YES;
				GCC_C_LANGUAGE_STANDARD = gnu11;
				GCC_NO_COMMON_BLOCKS = YES;
				GCC_WARN_64_TO_32_BIT_CONVERSION = YES;
				GCC_WARN_ABOUT_RETURN_TYPE = YES_ERROR;
				GCC_WARN_UNDECLARED_SELECTOR = YES;
				GCC_WARN_UNINITIALIZED_AUTOS = YES_AGGRESSIVE;
				GCC_WARN_UNUSED_FUNCTION = YES;
				GCC_WARN_UNUSED_VARIABLE = YES;
				IPHONEOS_DEPLOYMENT_TARGET = 11.2;
				MTL_ENABLE_DEBUG_INFO = NO;
				SDKROOT = iphoneos;
				SWIFT_OPTIMIZATION_LEVEL = "-Owholemodule";
				VALIDATE_PRODUCT = YES;
			};
			name = Release;
		};
		D7F1E8C820525BC300F8EE4C /* Debug */ = {
			isa = XCBuildConfiguration;
			buildSettings = {
				ASSETCATALOG_COMPILER_APPICON_NAME = AppIcon;
				CODE_SIGN_STYLE = Automatic;
				DEVELOPMENT_TEAM = X4RZK7Z7VB;
				INFOPLIST_FILE = LIstFood/Info.plist;
				LD_RUNPATH_SEARCH_PATHS = "$(inherited) @executable_path/Frameworks";
				PRODUCT_BUNDLE_IDENTIFIER = com.pos.LIstFood;
				PRODUCT_NAME = "$(TARGET_NAME)";
				SWIFT_VERSION = 4.0;
				TARGETED_DEVICE_FAMILY = "1,2";
			};
			name = Debug;
		};
		D7F1E8C920525BC300F8EE4C /* Release */ = {
			isa = XCBuildConfiguration;
			buildSettings = {
				ASSETCATALOG_COMPILER_APPICON_NAME = AppIcon;
				CODE_SIGN_STYLE = Automatic;
				DEVELOPMENT_TEAM = X4RZK7Z7VB;
				INFOPLIST_FILE = LIstFood/Info.plist;
				LD_RUNPATH_SEARCH_PATHS = "$(inherited) @executable_path/Frameworks";
				PRODUCT_BUNDLE_IDENTIFIER = com.pos.LIstFood;
				PRODUCT_NAME = "$(TARGET_NAME)";
				SWIFT_VERSION = 4.0;
				TARGETED_DEVICE_FAMILY = "1,2";
			};
			name = Release;
		};
/* End XCBuildConfiguration section */

/* Begin XCConfigurationList section */
		D7F1E8B020525BC200F8EE4C /* Build configuration list for PBXProject "LIstFood" */ = {
			isa = XCConfigurationList;
			buildConfigurations = (
				D7F1E8C520525BC200F8EE4C /* Debug */,
				D7F1E8C620525BC200F8EE4C /* Release */,
			);
			defaultConfigurationIsVisible = 0;
			defaultConfigurationName = Release;
		};
		D7F1E8C720525BC300F8EE4C /* Build configuration list for PBXNativeTarget "LIstFood" */ = {
			isa = XCConfigurationList;
			buildConfigurations = (
				D7F1E8C820525BC300F8EE4C /* Debug */,
				D7F1E8C920525BC300F8EE4C /* Release */,
			);
			defaultConfigurationIsVisible = 0;
			defaultConfigurationName = Release;
		};
/* End XCConfigurationList section */
	};
	rootObject = D7F1E8AD20525BC200F8EE4C /* Project object */;
}
